# This file is automatically @generated by Cargo.
# It is not intended for manual editing.
[[package]]
name = "quickhash"
version = "0.1.0"
dependencies = [
 "seahash 3.0.6 (registry+https://github.com/rust-lang/crates.io-index)",
 "siphasher 0.3.0 (registry+https://github.com/rust-lang/crates.io-index)",
]

[[package]]
name = "seahash"
version = "3.0.6"
source = "registry+https://github.com/rust-lang/crates.io-index"

[[package]]
name = "siphasher"
version = "0.3.0"
source = "registry+https://github.com/rust-lang/crates.io-index"

[metadata]
"checksum seahash 3.0.6 (registry+https://github.com/rust-lang/crates.io-index)" = "18d6061ff4917fac173fa07b839c8c3f805c0bf3801c52499cc85cdbad8c28df"
"checksum siphasher 0.3.0 (registry+https://github.com/rust-lang/crates.io-index)" = "9913c75df657d84a03fa689c016b0bb2863ff0b497b26a8d6e9703f8d5df03a8"
